
Microsoft Visual Studio Solution File, Format Version 12.00
# Visual Studio 2013
VisualStudioVersion = 12.0.30324.0
MinimumVisualStudioVersion = 10.0.40219.1
Project("{FAE04EC0-301F-11D3-BF4B-00C04F79EFBC}") = "SwedishValidation", "src\SwedishValidation\SwedishValidation\SwedishValidation.csproj", "{1F5F8642-8338-467A-BBDA-F3C1070D2EFB}"
EndProject
Project("{FAE04EC0-301F-11D3-BF4B-00C04F79EFBC}") = "SwedishValidation.Tests", "src\SwedishValidation.Tests\SwedishValidation.Tests.csproj", "{B58C916F-1ABA-4D6E-8859-FC9F04269012}"
EndProject
Global
	GlobalSection(SolutionConfigurationPlatforms) = preSolution
		Debug|Any CPU = Debug|Any CPU
		Release|Any CPU = Release|Any CPU
	EndGlobalSection
	GlobalSection(ProjectConfigurationPlatforms) = postSolution
		{1F5F8642-8338-467A-BBDA-F3C1070D2EFB}.Debug|Any CPU.ActiveCfg = Debug|Any CPU
		{1F5F8642-8338-467A-BBDA-F3C1070D2EFB}.Debug|Any CPU.Build.0 = Debug|Any CPU
		{1F5F8642-8338-467A-BBDA-F3C1070D2EFB}.Release|Any CPU.ActiveCfg = Release|Any CPU
		{1F5F8642-8338-467A-BBDA-F3C1070D2EFB}.Release|Any CPU.Build.0 = Release|Any CPU
		{B58C916F-1ABA-4D6E-8859-FC9F04269012}.Debug|Any CPU.ActiveCfg = Debug|Any CPU
		{B58C916F-1ABA-4D6E-8859-FC9F04269012}.Debug|Any CPU.Build.0 = Debug|Any CPU
		{B58C916F-1ABA-4D6E-8859-FC9F04269012}.Release|Any CPU.ActiveCfg = Release|Any CPU
		{B58C916F-1ABA-4D6E-8859-FC9F04269012}.Release|Any CPU.Build.0 = Release|Any CPU
	EndGlobalSection
	GlobalSection(SolutionProperties) = preSolution
		HideSolutionNode = FALSE
	EndGlobalSection
EndGlobal
